{
  "nodes": {
    "f5vpn-rpm": {
      "flake": false,
      "locked": {
        "narHash": "sha256-ynT9Xu8VrFDdHvE69Fqj4sKOH5aZ5YJBay6kb6SLtR0=",
        "type": "file",
        "url": "https://huskyonnet-ns.uw.edu/public/download/linux_f5vpn.x86_64.rpm"
      },
      "original": {
        "type": "file",
        "url": "https://huskyonnet-ns.uw.edu/public/download/linux_f5vpn.x86_64.rpm"
      }
    },
    "nixpkgs": {
      "locked": {
        "lastModified": 1701693815,
        "narHash": "sha256-7BkrXykVWfkn6+c1EhFA3ko4MLi3gVG0p9G96PNnKTM=",
        "owner": "NixOS",
        "repo": "nixpkgs",
        "rev": "09ec6a0881e1a36c29d67497693a67a16f4da573",
        "type": "github"
      },
      "original": {
        "id": "nixpkgs",
        "ref": "nixpkgs-unstable",
        "type": "indirect"
      }
    },
    "root": {
      "inputs": {
        "f5vpn-rpm": "f5vpn-rpm",
        "nixpkgs": "nixpkgs"
      }
    }
  },
  "root": "root",
  "version": 7
}
