{
  "nodes": {
    "flake-utils": {
      "locked": {
        "lastModified": 1667077288,
        "narHash": "sha256-bdC8sFNDpT0HK74u9fUkpbf1MEzVYJ+ka7NXCdgBoaA=",
        "owner": "numtide",
        "repo": "flake-utils",
        "rev": "6ee9ebb6b1ee695d2cacc4faa053a7b9baa76817",
        "type": "github"
      },
      "original": {
        "owner": "numtide",
        "repo": "flake-utils",
        "type": "github"
      }
    },
    "home-manager": {
      "inputs": {
        "nixpkgs": [
          "nixpkgs"
        ],
        "utils": [
          "flake-utils"
        ]
      },
      "locked": {
        "lastModified": 1667234164,
        "narHash": "sha256-oPMAvHZBDgamjmIQly5+sw2LtfKwY7qcWZZwKiwKQy8=",
        "owner": "nix-community",
        "repo": "home-manager",
        "rev": "722e8d65d3aba6f527100cc2d1539e4ca04d066f",
        "type": "github"
      },
      "original": {
        "owner": "nix-community",
        "repo": "home-manager",
        "type": "github"
      }
    },
    "nixpkgs": {
      "locked": {
        "lastModified": 1667142599,
        "narHash": "sha256-OLJxsg9VqfKjFkerOxWtNIkibsCvxsv5A8wNWO1MeWk=",
        "owner": "NixOS",
        "repo": "nixpkgs",
        "rev": "412b9917cea092f3d39f9cd5dead4effd5bc4053",
        "type": "github"
      },
      "original": {
        "id": "nixpkgs",
        "ref": "nixos-unstable",
        "type": "indirect"
      }
    },
    "root": {
      "inputs": {
        "flake-utils": "flake-utils",
        "home-manager": "home-manager",
        "nixpkgs": "nixpkgs",
        "rust-overlay": "rust-overlay"
      }
    },
    "rust-overlay": {
      "inputs": {
        "flake-utils": [
          "flake-utils"
        ],
        "nixpkgs": [
          "nixpkgs"
        ]
      },
      "locked": {
        "lastModified": 1667271616,
        "narHash": "sha256-qR43NUFFoKfDRro3M1SarTYVfTn8WvWznGJX5eNCNZw=",
        "owner": "oxalica",
        "repo": "rust-overlay",
        "rev": "3cbe6891588e1efad2491f87a54be26aeed1fac0",
        "type": "github"
      },
      "original": {
        "owner": "oxalica",
        "repo": "rust-overlay",
        "type": "github"
      }
    }
  },
  "root": "root",
  "version": 7
}
