{
  "nodes": {
    "f5cli-rpm": {
      "flake": false,
      "locked": {
        "narHash": "sha256-v0br8L3OkkY3PJNYX32T+O1TiTtZTQLjKTxyCwwQ8Z8=",
        "type": "file",
        "url": "https://huskyonnet-ns.uw.edu/public/download/linux_f5cli.x86_64.rpm"
      },
      "original": {
        "type": "file",
        "url": "https://huskyonnet-ns.uw.edu/public/download/linux_f5cli.x86_64.rpm"
      }
    },
    "nixpkgs": {
      "locked": {
        "lastModified": 1689752456,
        "narHash": "sha256-VOChdECcEI8ixz8QY+YC4JaNEFwQd1V8bA0G4B28Ki0=",
        "owner": "NixOS",
        "repo": "nixpkgs",
        "rev": "7f256d7da238cb627ef189d56ed590739f42f13b",
        "type": "github"
      },
      "original": {
        "id": "nixpkgs",
        "ref": "nixpkgs-unstable",
        "type": "indirect"
      }
    },
    "root": {
      "inputs": {
        "f5cli-rpm": "f5cli-rpm",
        "nixpkgs": "nixpkgs"
      }
    }
  },
  "root": "root",
  "version": 7
}
